// !$*UTF8*$!
{
	archiveVersion = 1;
	classes = {
	};
	objectVersion = 56;
	objects = {

/* Begin PBXBuildFile section */
		BA5817912B8AEF5E0061D66B /* ColorApp Watch App.app in Embed Watch Content */ = {isa = PBXBuildFile; fileRef = BA5817902B8AEF5E0061D66B /* ColorApp Watch App.app */; settings = {ATTRIBUTES = (RemoveHeadersOnCopy, ); }; };
		BA5817962B8AEF5E0061D66B /* ColorAppApp.swift in Sources */ = {isa = PBXBuildFile; fileRef = BA5817952B8AEF5E0061D66B /* ColorAppApp.swift */; };
		BA5817982B8AEF5E0061D66B /* ContentView.swift in Sources */ = {isa = PBXBuildFile; fileRef = BA5817972B8AEF5E0061D66B /* ContentView.swift */; };
		BA58179A2B8AEF600061D66B /* Assets.xcassets in Resources */ = {isa = PBXBuildFile; fileRef = BA5817992B8AEF600061D66B /* Assets.xcassets */; };
		BA58179D2B8AEF600061D66B /* Preview Assets.xcassets in Resources */ = {isa = PBXBuildFile; fileRef = BA58179C2B8AEF600061D66B /* Preview Assets.xcassets */; };
		BA5817A72B8AEF600061D66B /* ColorApp_Watch_AppTests.swift in Sources */ = {isa = PBXBuildFile; fileRef = BA5817A62B8AEF600061D66B /* ColorApp_Watch_AppTests.swift */; };
		BA5817B12B8AEF600061D66B /* ColorApp_Watch_AppUITests.swift in Sources */ = {isa = PBXBuildFile; fileRef = BA5817B02B8AEF600061D66B /* ColorApp_Watch_AppUITests.swift */; };
		BA5817B32B8AEF600061D66B /* ColorApp_Watch_AppUITestsLaunchTests.swift in Sources */ = {isa = PBXBuildFile; fileRef = BA5817B22B8AEF600061D66B /* ColorApp_Watch_AppUITestsLaunchTests.swift */; };
/* End PBXBuildFile section */

/* Begin PBXContainerItemProxy section */
		BA5817922B8AEF5E0061D66B /* PBXContainerItemProxy */ = {
			isa = PBXContainerItemProxy;
			containerPortal = BA5817842B8AEF5E0061D66B /* Project object */;
			proxyType = 1;
			remoteGlobalIDString = BA58178F2B8AEF5E0061D66B;
			remoteInfo = "ColorApp Watch App";
		};
		BA5817A32B8AEF600061D66B /* PBXContainerItemProxy */ = {
			isa = PBXContainerItemProxy;
			containerPortal = BA5817842B8AEF5E0061D66B /* Project object */;
			proxyType = 1;
			remoteGlobalIDString = BA58178F2B8AEF5E0061D66B;
			remoteInfo = "ColorApp Watch App";
		};
		BA5817AD2B8AEF600061D66B /* PBXContainerItemProxy */ = {
			isa = PBXContainerItemProxy;
			containerPortal = BA5817842B8AEF5E0061D66B /* Project object */;
			proxyType = 1;
			remoteGlobalIDString = BA58178F2B8AEF5E0061D66B;
			remoteInfo = "ColorApp Watch App";
		};
/* End PBXContainerItemProxy section */

/* Begin PBXCopyFilesBuildPhase section */
		BA5817B92B8AEF600061D66B /* Embed Watch Content */ = {
			isa = PBXCopyFilesBuildPhase;
			buildActionMask = 2147483647;
			dstPath = "$(CONTENTS_FOLDER_PATH)/Watch";
			dstSubfolderSpec = 16;
			files = (
				BA5817912B8AEF5E0061D66B /* ColorApp Watch App.app in Embed Watch Content */,
			);
			name = "Embed Watch Content";
			runOnlyForDeploymentPostprocessing = 0;
		};
/* End PBXCopyFilesBuildPhase section */

/* Begin PBXFileReference section */
		BA58178A2B8AEF5E0061D66B /* ColorApp.app */ = {isa = PBXFileReference; explicitFileType = wrapper.application; includeInIndex = 0; path = ColorApp.app; sourceTree = BUILT_PRODUCTS_DIR; };
		BA5817902B8AEF5E0061D66B /* ColorApp Watch App.app */ = {isa = PBXFileReference; explicitFileType = wrapper.application; includeInIndex = 0; path = "ColorApp Watch App.app"; sourceTree = BUILT_PRODUCTS_DIR; };
		BA5817952B8AEF5E0061D66B /* ColorAppApp.swift */ = {isa = PBXFileReference; lastKnownFileType = sourcecode.swift; path = ColorAppApp.swift; sourceTree = "<group>"; };
		BA5817972B8AEF5E0061D66B /* ContentView.swift */ = {isa = PBXFileReference; lastKnownFileType = sourcecode.swift; path = ContentView.swift; sourceTree = "<group>"; };
		BA5817992B8AEF600061D66B /* Assets.xcassets */ = {isa = PBXFileReference; lastKnownFileType = folder.assetcatalog; path = Assets.xcassets; sourceTree = "<group>"; };
		BA58179C2B8AEF600061D66B /* Preview Assets.xcassets */ = {isa = PBXFileReference; lastKnownFileType = folder.assetcatalog; path = "Preview Assets.xcassets"; sourceTree = "<group>"; };
		BA5817A22B8AEF600061D66B /* ColorApp Watch AppTests.xctest */ = {isa = PBXFileReference; explicitFileType = wrapper.cfbundle; includeInIndex = 0; path = "ColorApp Watch AppTests.xctest"; sourceTree = BUILT_PRODUCTS_DIR; };
		BA5817A62B8AEF600061D66B /* ColorApp_Watch_AppTests.swift */ = {isa = PBXFileReference; lastKnownFileType = sourcecode.swift; path = ColorApp_Watch_AppTests.swift; sourceTree = "<group>"; };
		BA5817AC2B8AEF600061D66B /* ColorApp Watch AppUITests.xctest */ = {isa = PBXFileReference; explicitFileType = wrapper.cfbundle; includeInIndex = 0; path = "ColorApp Watch AppUITests.xctest"; sourceTree = BUILT_PRODUCTS_DIR; };
		BA5817B02B8AEF600061D66B /* ColorApp_Watch_AppUITests.swift */ = {isa = PBXFileReference; lastKnownFileType = sourcecode.swift; path = ColorApp_Watch_AppUITests.swift; sourceTree = "<group>"; };
		BA5817B22B8AEF600061D66B /* ColorApp_Watch_AppUITestsLaunchTests.swift */ = {isa = PBXFileReference; lastKnownFileType = sourcecode.swift; path = ColorApp_Watch_AppUITestsLaunchTests.swift; sourceTree = "<group>"; };
/* End PBXFileReference section */

/* Begin PBXFrameworksBuildPhase section */
		BA58178D2B8AEF5E0061D66B /* Frameworks */ = {
			isa = PBXFrameworksBuildPhase;
			buildActionMask = 2147483647;
			files = (
			);
			runOnlyForDeploymentPostprocessing = 0;
		};
		BA58179F2B8AEF600061D66B /* Frameworks */ = {
			isa = PBXFrameworksBuildPhase;
			buildActionMask = 2147483647;
			files = (
			);
			runOnlyForDeploymentPostprocessing = 0;
		};
		BA5817A92B8AEF600061D66B /* Frameworks */ = {
			isa = PBXFrameworksBuildPhase;
			buildActionMask = 2147483647;
			files = (
			);
			runOnlyForDeploymentPostprocessing = 0;
		};
/* End PBXFrameworksBuildPhase section */

/* Begin PBXGroup section */
		BA5817832B8AEF5E0061D66B = {
			isa = PBXGroup;
			children = (
				BA5817942B8AEF5E0061D66B /* ColorApp Watch App */,
				BA5817A52B8AEF600061D66B /* ColorApp Watch AppTests */,
				BA5817AF2B8AEF600061D66B /* ColorApp Watch AppUITests */,
				BA58178B2B8AEF5E0061D66B /* Products */,
			);
			sourceTree = "<group>";
		};
		BA58178B2B8AEF5E0061D66B /* Products */ = {
			isa = PBXGroup;
			children = (
				BA58178A2B8AEF5E0061D66B /* ColorApp.app */,
				BA5817902B8AEF5E0061D66B /* ColorApp Watch App.app */,
				BA5817A22B8AEF600061D66B /* ColorApp Watch AppTests.xctest */,
				BA5817AC2B8AEF600061D66B /* ColorApp Watch AppUITests.xctest */,
			);
			name = Products;
			sourceTree = "<group>";
		};
		BA5817942B8AEF5E0061D66B /* ColorApp Watch App */ = {
			isa = PBXGroup;
			children = (
				BA5817952B8AEF5E0061D66B /* ColorAppApp.swift */,
				BA5817972B8AEF5E0061D66B /* ContentView.swift */,
				BA5817992B8AEF600061D66B /* Assets.xcassets */,
				BA58179B2B8AEF600061D66B /* Preview Content */,
			);
			path = "ColorApp Watch App";
			sourceTree = "<group>";
		};
		BA58179B2B8AEF600061D66B /* Preview Content */ = {
			isa = PBXGroup;
			children = (
				BA58179C2B8AEF600061D66B /* Preview Assets.xcassets */,
			);
			path = "Preview Content";
			sourceTree = "<group>";
		};
		BA5817A52B8AEF600061D66B /* ColorApp Watch AppTests */ = {
			isa = PBXGroup;
			children = (
				BA5817A62B8AEF600061D66B /* ColorApp_Watch_AppTests.swift */,
			);
			path = "ColorApp Watch AppTests";
			sourceTree = "<group>";
		};
		BA5817AF2B8AEF600061D66B /* ColorApp Watch AppUITests */ = {
			isa = PBXGroup;
			children = (
				BA5817B02B8AEF600061D66B /* ColorApp_Watch_AppUITests.swift */,
				BA5817B22B8AEF600061D66B /* ColorApp_Watch_AppUITestsLaunchTests.swift */,
			);
			path = "ColorApp Watch AppUITests";
			sourceTree = "<group>";
		};
/* End PBXGroup section */

/* Begin PBXNativeTarget section */
		BA5817892B8AEF5E0061D66B /* ColorApp */ = {
			isa = PBXNativeTarget;
			buildConfigurationList = BA5817BA2B8AEF600061D66B /* Build configuration list for PBXNativeTarget "ColorApp" */;
			buildPhases = (
				BA5817882B8AEF5E0061D66B /* Resources */,
				BA5817B92B8AEF600061D66B /* Embed Watch Content */,
			);
			buildRules = (
			);
			dependencies = (
				BA5817932B8AEF5E0061D66B /* PBXTargetDependency */,
			);
			name = ColorApp;
			productName = ColorApp;
			productReference = BA58178A2B8AEF5E0061D66B /* ColorApp.app */;
			productType = "com.apple.product-type.application.watchapp2-container";
		};
		BA58178F2B8AEF5E0061D66B /* ColorApp Watch App */ = {
			isa = PBXNativeTarget;
			buildConfigurationList = BA5817B62B8AEF600061D66B /* Build configuration list for PBXNativeTarget "ColorApp Watch App" */;
			buildPhases = (
				BA58178C2B8AEF5E0061D66B /* Sources */,
				BA58178D2B8AEF5E0061D66B /* Frameworks */,
				BA58178E2B8AEF5E0061D66B /* Resources */,
			);
			buildRules = (
			);
			dependencies = (
			);
			name = "ColorApp Watch App";
			productName = "ColorApp Watch App";
			productReference = BA5817902B8AEF5E0061D66B /* ColorApp Watch App.app */;
			productType = "com.apple.product-type.application";
		};
		BA5817A12B8AEF600061D66B /* ColorApp Watch AppTests */ = {
			isa = PBXNativeTarget;
			buildConfigurationList = BA5817BD2B8AEF600061D66B /* Build configuration list for PBXNativeTarget "ColorApp Watch AppTests" */;
			buildPhases = (
				BA58179E2B8AEF600061D66B /* Sources */,
				BA58179F2B8AEF600061D66B /* Frameworks */,
				BA5817A02B8AEF600061D66B /* Resources */,
			);
			buildRules = (
			);
			dependencies = (
				BA5817A42B8AEF600061D66B /* PBXTargetDependency */,
			);
			name = "ColorApp Watch AppTests";
			productName = "ColorApp Watch AppTests";
			productReference = BA5817A22B8AEF600061D66B /* ColorApp Watch AppTests.xctest */;
			productType = "com.apple.product-type.bundle.unit-test";
		};
		BA5817AB2B8AEF600061D66B /* ColorApp Watch AppUITests */ = {
			isa = PBXNativeTarget;
			buildConfigurationList = BA5817C02B8AEF600061D66B /* Build configuration list for PBXNativeTarget "ColorApp Watch AppUITests" */;
			buildPhases = (
				BA5817A82B8AEF600061D66B /* Sources */,
				BA5817A92B8AEF600061D66B /* Frameworks */,
				BA5817AA2B8AEF600061D66B /* Resources */,
			);
			buildRules = (
			);
			dependencies = (
				BA5817AE2B8AEF600061D66B /* PBXTargetDependency */,
			);
			name = "ColorApp Watch AppUITests";
			productName = "ColorApp Watch AppUITests";
			productReference = BA5817AC2B8AEF600061D66B /* ColorApp Watch AppUITests.xctest */;
			productType = "com.apple.product-type.bundle.ui-testing";
		};
/* End PBXNativeTarget section */

/* Begin PBXProject section */
		BA5817842B8AEF5E0061D66B /* Project object */ = {
			isa = PBXProject;
			attributes = {
				BuildIndependentTargetsInParallel = 1;
				LastSwiftUpdateCheck = 1520;
				LastUpgradeCheck = 1520;
				TargetAttributes = {
					BA5817892B8AEF5E0061D66B = {
						CreatedOnToolsVersion = 15.2;
					};
					BA58178F2B8AEF5E0061D66B = {
						CreatedOnToolsVersion = 15.2;
					};
					BA5817A12B8AEF600061D66B = {
						CreatedOnToolsVersion = 15.2;
						TestTargetID = BA58178F2B8AEF5E0061D66B;
					};
					BA5817AB2B8AEF600061D66B = {
						CreatedOnToolsVersion = 15.2;
						TestTargetID = BA58178F2B8AEF5E0061D66B;
					};
				};
			};
			buildConfigurationList = BA5817872B8AEF5E0061D66B /* Build configuration list for PBXProject "ColorApp" */;
			compatibilityVersion = "Xcode 14.0";
			developmentRegion = en;
			hasScannedForEncodings = 0;
			knownRegions = (
				en,
				Base,
			);
			mainGroup = BA5817832B8AEF5E0061D66B;
			productRefGroup = BA58178B2B8AEF5E0061D66B /* Products */;
			projectDirPath = "";
			projectRoot = "";
			targets = (
				BA5817892B8AEF5E0061D66B /* ColorApp */,
				BA58178F2B8AEF5E0061D66B /* ColorApp Watch App */,
				BA5817A12B8AEF600061D66B /* ColorApp Watch AppTests */,
				BA5817AB2B8AEF600061D66B /* ColorApp Watch AppUITests */,
			);
		};
/* End PBXProject section */

/* Begin PBXResourcesBuildPhase section */
		BA5817882B8AEF5E0061D66B /* Resources */ = {
			isa = PBXResourcesBuildPhase;
			buildActionMask = 2147483647;
			files = (
			);
			runOnlyForDeploymentPostprocessing = 0;
		};
		BA58178E2B8AEF5E0061D66B /* Resources */ = {
			isa = PBXResourcesBuildPhase;
			buildActionMask = 2147483647;
			files = (
				BA58179D2B8AEF600061D66B /* Preview Assets.xcassets in Resources */,
				BA58179A2B8AEF600061D66B /* Assets.xcassets in Resources */,
			);
			runOnlyForDeploymentPostprocessing = 0;
		};
		BA5817A02B8AEF600061D66B /* Resources */ = {
			isa = PBXResourcesBuildPhase;
			buildActionMask = 2147483647;
			files = (
			);
			runOnlyForDeploymentPostprocessing = 0;
		};
		BA5817AA2B8AEF600061D66B /* Resources */ = {
			isa = PBXResourcesBuildPhase;
			buildActionMask = 2147483647;
			files = (
			);
			runOnlyForDeploymentPostprocessing = 0;
		};
/* End PBXResourcesBuildPhase section */

/* Begin PBXSourcesBuildPhase section */
		BA58178C2B8AEF5E0061D66B /* Sources */ = {
			isa = PBXSourcesBuildPhase;
			buildActionMask = 2147483647;
			files = (
				BA5817982B8AEF5E0061D66B /* ContentView.swift in Sources */,
				BA5817962B8AEF5E0061D66B /* ColorAppApp.swift in Sources */,
			);
			runOnlyForDeploymentPostprocessing = 0;
		};
		BA58179E2B8AEF600061D66B /* Sources */ = {
			isa = PBXSourcesBuildPhase;
			buildActionMask = 2147483647;
			files = (
				BA5817A72B8AEF600061D66B /* ColorApp_Watch_AppTests.swift in Sources */,
			);
			runOnlyForDeploymentPostprocessing = 0;
		};
		BA5817A82B8AEF600061D66B /* Sources */ = {
			isa = PBXSourcesBuildPhase;
			buildActionMask = 2147483647;
			files = (
				BA5817B32B8AEF600061D66B /* ColorApp_Watch_AppUITestsLaunchTests.swift in Sources */,
				BA5817B12B8AEF600061D66B /* ColorApp_Watch_AppUITests.swift in Sources */,
			);
			runOnlyForDeploymentPostprocessing = 0;
		};
/* End PBXSourcesBuildPhase section */

/* Begin PBXTargetDependency section */
		BA5817932B8AEF5E0061D66B /* PBXTargetDependency */ = {
			isa = PBXTargetDependency;
			target = BA58178F2B8AEF5E0061D66B /* ColorApp Watch App */;
			targetProxy = BA5817922B8AEF5E0061D66B /* PBXContainerItemProxy */;
		};
		BA5817A42B8AEF600061D66B /* PBXTargetDependency */ = {
			isa = PBXTargetDependency;
			target = BA58178F2B8AEF5E0061D66B /* ColorApp Watch App */;
			targetProxy = BA5817A32B8AEF600061D66B /* PBXContainerItemProxy */;
		};
		BA5817AE2B8AEF600061D66B /* PBXTargetDependency */ = {
			isa = PBXTargetDependency;
			target = BA58178F2B8AEF5E0061D66B /* ColorApp Watch App */;
			targetProxy = BA5817AD2B8AEF600061D66B /* PBXContainerItemProxy */;
		};
/* End PBXTargetDependency section */

/* Begin XCBuildConfiguration section */
		BA5817B42B8AEF600061D66B /* Debug */ = {
			isa = XCBuildConfiguration;
			buildSettings = {
				ALWAYS_SEARCH_USER_PATHS = NO;
				ASSETCATALOG_COMPILER_GENERATE_SWIFT_ASSET_SYMBOL_EXTENSIONS = YES;
				CLANG_ANALYZER_NONNULL = YES;
				CLANG_ANALYZER_NUMBER_OBJECT_CONVERSION = YES_AGGRESSIVE;
				CLANG_CXX_LANGUAGE_STANDARD = "gnu++20";
				CLANG_ENABLE_MODULES = YES;
				CLANG_ENABLE_OBJC_ARC = YES;
				CLANG_ENABLE_OBJC_WEAK = YES;
				CLANG_WARN_BLOCK_CAPTURE_AUTORELEASING = YES;
				CLANG_WARN_BOOL_CONVERSION = YES;
				CLANG_WARN_COMMA = YES;
				CLANG_WARN_CONSTANT_CONVERSION = YES;
				CLANG_WARN_DEPRECATED_OBJC_IMPLEMENTATIONS = YES;
				CLANG_WARN_DIRECT_OBJC_ISA_USAGE = YES_ERROR;
				CLANG_WARN_DOCUMENTATION_COMMENTS = YES;
				CLANG_WARN_EMPTY_BODY = YES;
				CLANG_WARN_ENUM_CONVERSION = YES;
				CLANG_WARN_INFINITE_RECURSION = YES;
				CLANG_WARN_INT_CONVERSION = YES;
				CLANG_WARN_NON_LITERAL_NULL_CONVERSION = YES;
				CLANG_WARN_OBJC_IMPLICIT_RETAIN_SELF = YES;
				CLANG_WARN_OBJC_LITERAL_CONVERSION = YES;
				CLANG_WARN_OBJC_ROOT_CLASS = YES_ERROR;
				CLANG_WARN_QUOTED_INCLUDE_IN_FRAMEWORK_HEADER = YES;
				CLANG_WARN_RANGE_LOOP_ANALYSIS = YES;
				CLANG_WARN_STRICT_PROTOTYPES = YES;
				CLANG_WARN_SUSPICIOUS_MOVE = YES;
				CLANG_WARN_UNGUARDED_AVAILABILITY = YES_AGGRESSIVE;
				CLANG_WARN_UNREACHABLE_CODE = YES;
				CLANG_WARN__DUPLICATE_METHOD_MATCH = YES;
				COPY_PHASE_STRIP = NO;
				DEBUG_INFORMATION_FORMAT = dwarf;
				ENABLE_STRICT_OBJC_MSGSEND = YES;
				ENABLE_TESTABILITY = YES;
				ENABLE_USER_SCRIPT_SANDBOXING = YES;
				GCC_C_LANGUAGE_STANDARD = gnu17;
				GCC_DYNAMIC_NO_PIC = NO;
				GCC_NO_COMMON_BLOCKS = YES;
				GCC_OPTIMIZATION_LEVEL = 0;
				GCC_PREPROCESSOR_DEFINITIONS = (
					"DEBUG=1",
					"$(inherited)",
				);
				GCC_WARN_64_TO_32_BIT_CONVERSION = YES;
				GCC_WARN_ABOUT_RETURN_TYPE = YES_ERROR;
				GCC_WARN_UNDECLARED_SELECTOR = YES;
				GCC_WARN_UNINITIALIZED_AUTOS = YES_AGGRESSIVE;
				GCC_WARN_UNUSED_FUNCTION = YES;
				GCC_WARN_UNUSED_VARIABLE = YES;
				LOCALIZATION_PREFERS_STRING_CATALOGS = YES;
				MTL_ENABLE_DEBUG_INFO = INCLUDE_SOURCE;
				MTL_FAST_MATH = YES;
				ONLY_ACTIVE_ARCH = YES;
				SWIFT_ACTIVE_COMPILATION_CONDITIONS = "DEBUG $(inherited)";
				SWIFT_OPTIMIZATION_LEVEL = "-Onone";
			};
			name = Debug;
		};
		BA5817B52B8AEF600061D66B /* Release */ = {
			isa = XCBuildConfiguration;
			buildSettings = {
				ALWAYS_SEARCH_USER_PATHS = NO;
				ASSETCATALOG_COMPILER_GENERATE_SWIFT_ASSET_SYMBOL_EXTENSIONS = YES;
				CLANG_ANALYZER_NONNULL = YES;
				CLANG_ANALYZER_NUMBER_OBJECT_CONVERSION = YES_AGGRESSIVE;
				CLANG_CXX_LANGUAGE_STANDARD = "gnu++20";
				CLANG_ENABLE_MODULES = YES;
				CLANG_ENABLE_OBJC_ARC = YES;
				CLANG_ENABLE_OBJC_WEAK = YES;
				CLANG_WARN_BLOCK_CAPTURE_AUTORELEASING = YES;
				CLANG_WARN_BOOL_CONVERSION = YES;
				CLANG_WARN_COMMA = YES;
				CLANG_WARN_CONSTANT_CONVERSION = YES;
				CLANG_WARN_DEPRECATED_OBJC_IMPLEMENTATIONS = YES;
				CLANG_WARN_DIRECT_OBJC_ISA_USAGE = YES_ERROR;
				CLANG_WARN_DOCUMENTATION_COMMENTS = YES;
				CLANG_WARN_EMPTY_BODY = YES;
				CLANG_WARN_ENUM_CONVERSION = YES;
				CLANG_WARN_INFINITE_RECURSION = YES;
				CLANG_WARN_INT_CONVERSION = YES;
				CLANG_WARN_NON_LITERAL_NULL_CONVERSION = YES;
				CLANG_WARN_OBJC_IMPLICIT_RETAIN_SELF = YES;
				CLANG_WARN_OBJC_LITERAL_CONVERSION = YES;
				CLANG_WARN_OBJC_ROOT_CLASS = YES_ERROR;
				CLANG_WARN_QUOTED_INCLUDE_IN_FRAMEWORK_HEADER = YES;
				CLANG_WARN_RANGE_LOOP_ANALYSIS = YES;
				CLANG_WARN_STRICT_PROTOTYPES = YES;
				CLANG_WARN_SUSPICIOUS_MOVE = YES;
				CLANG_WARN_UNGUARDED_AVAILABILITY = YES_AGGRESSIVE;
				CLANG_WARN_UNREACHABLE_CODE = YES;
				CLANG_WARN__DUPLICATE_METHOD_MATCH = YES;
				COPY_PHASE_STRIP = NO;
				DEBUG_INFORMATION_FORMAT = "dwarf-with-dsym";
				ENABLE_NS_ASSERTIONS = NO;
				ENABLE_STRICT_OBJC_MSGSEND = YES;
				ENABLE_USER_SCRIPT_SANDBOXING = YES;
				GCC_C_LANGUAGE_STANDARD = gnu17;
				GCC_NO_COMMON_BLOCKS = YES;
				GCC_WARN_64_TO_32_BIT_CONVERSION = YES;
				GCC_WARN_ABOUT_RETURN_TYPE = YES_ERROR;
				GCC_WARN_UNDECLARED_SELECTOR = YES;
				GCC_WARN_UNINITIALIZED_AUTOS = YES_AGGRESSIVE;
				GCC_WARN_UNUSED_FUNCTION = YES;
				GCC_WARN_UNUSED_VARIABLE = YES;
				LOCALIZATION_PREFERS_STRING_CATALOGS = YES;
				MTL_ENABLE_DEBUG_INFO = NO;
				MTL_FAST_MATH = YES;
				SWIFT_COMPILATION_MODE = wholemodule;
			};
			name = Release;
		};
		BA5817B72B8AEF600061D66B /* Debug */ = {
			isa = XCBuildConfiguration;
			buildSettings = {
				ASSETCATALOG_COMPILER_APPICON_NAME = AppIcon;
				ASSETCATALOG_COMPILER_GLOBAL_ACCENT_COLOR_NAME = AccentColor;
				CODE_SIGN_STYLE = Automatic;
				CURRENT_PROJECT_VERSION = 1;
				DEVELOPMENT_ASSET_PATHS = "\"ColorApp Watch App/Preview Content\"";
				ENABLE_PREVIEWS = YES;
				GENERATE_INFOPLIST_FILE = YES;
				INFOPLIST_KEY_CFBundleDisplayName = ColorApp;
				INFOPLIST_KEY_UISupportedInterfaceOrientations = "UIInterfaceOrientationPortrait UIInterfaceOrientationPortraitUpsideDown";
				INFOPLIST_KEY_WKWatchOnly = YES;
				LD_RUNPATH_SEARCH_PATHS = (
					"$(inherited)",
					"@executable_path/Frameworks",
				);
				MARKETING_VERSION = 1.0;
				PRODUCT_BUNDLE_IDENTIFIER = oucar.ColorApp.watchkitapp;
				PRODUCT_NAME = "$(TARGET_NAME)";
				SDKROOT = watchos;
				SKIP_INSTALL = YES;
				SWIFT_EMIT_LOC_STRINGS = YES;
				SWIFT_VERSION = 5.0;
				TARGETED_DEVICE_FAMILY = 4;
				WATCHOS_DEPLOYMENT_TARGET = 10.2;
			};
			name = Debug;
		};
		BA5817B82B8AEF600061D66B /* Release */ = {
			isa = XCBuildConfiguration;
			buildSettings = {
				ASSETCATALOG_COMPILER_APPICON_NAME = AppIcon;
				ASSETCATALOG_COMPILER_GLOBAL_ACCENT_COLOR_NAME = AccentColor;
				CODE_SIGN_STYLE = Automatic;
				CURRENT_PROJECT_VERSION = 1;
				DEVELOPMENT_ASSET_PATHS = "\"ColorApp Watch App/Preview Content\"";
				ENABLE_PREVIEWS = YES;
				GENERATE_INFOPLIST_FILE = YES;
				INFOPLIST_KEY_CFBundleDisplayName = ColorApp;
				INFOPLIST_KEY_UISupportedInterfaceOrientations = "UIInterfaceOrientationPortrait UIInterfaceOrientationPortraitUpsideDown";
				INFOPLIST_KEY_WKWatchOnly = YES;
				LD_RUNPATH_SEARCH_PATHS = (
					"$(inherited)",
					"@executable_path/Frameworks",
				);
				MARKETING_VERSION = 1.0;
				PRODUCT_BUNDLE_IDENTIFIER = oucar.ColorApp.watchkitapp;
				PRODUCT_NAME = "$(TARGET_NAME)";
				SDKROOT = watchos;
				SKIP_INSTALL = YES;
				SWIFT_EMIT_LOC_STRINGS = YES;
				SWIFT_VERSION = 5.0;
				TARGETED_DEVICE_FAMILY = 4;
				VALIDATE_PRODUCT = YES;
				WATCHOS_DEPLOYMENT_TARGET = 10.2;
			};
			name = Release;
		};
		BA5817BB2B8AEF600061D66B /* Debug */ = {
			isa = XCBuildConfiguration;
			buildSettings = {
				ALWAYS_EMBED_SWIFT_STANDARD_LIBRARIES = YES;
				CODE_SIGN_STYLE = Automatic;
				CURRENT_PROJECT_VERSION = 1;
				INFOPLIST_KEY_CFBundleDisplayName = ColorApp;
				MARKETING_VERSION = 1.0;
				PRODUCT_BUNDLE_IDENTIFIER = oucar.ColorApp;
				PRODUCT_NAME = "$(TARGET_NAME)";
				SDKROOT = iphoneos;
				SWIFT_VERSION = 5.0;
			};
			name = Debug;
		};
		BA5817BC2B8AEF600061D66B /* Release */ = {
			isa = XCBuildConfiguration;
			buildSettings = {
				ALWAYS_EMBED_SWIFT_STANDARD_LIBRARIES = YES;
				CODE_SIGN_STYLE = Automatic;
				CURRENT_PROJECT_VERSION = 1;
				INFOPLIST_KEY_CFBundleDisplayName = ColorApp;
				MARKETING_VERSION = 1.0;
				PRODUCT_BUNDLE_IDENTIFIER = oucar.ColorApp;
				PRODUCT_NAME = "$(TARGET_NAME)";
				SDKROOT = iphoneos;
				SWIFT_VERSION = 5.0;
				VALIDATE_PRODUCT = YES;
			};
			name = Release;
		};
		BA5817BE2B8AEF600061D66B /* Debug */ = {
			isa = XCBuildConfiguration;
			buildSettings = {
				ALWAYS_EMBED_SWIFT_STANDARD_LIBRARIES = YES;
				BUNDLE_LOADER = "$(TEST_HOST)";
				CODE_SIGN_STYLE = Automatic;
				CURRENT_PROJECT_VERSION = 1;
				GENERATE_INFOPLIST_FILE = YES;
				MARKETING_VERSION = 1.0;
				PRODUCT_BUNDLE_IDENTIFIER = "oucar.ColorApp-Watch-AppTests";
				PRODUCT_NAME = "$(TARGET_NAME)";
				SDKROOT = watchos;
				SWIFT_EMIT_LOC_STRINGS = NO;
				SWIFT_VERSION = 5.0;
				TARGETED_DEVICE_FAMILY = 4;
				TEST_HOST = "$(BUILT_PRODUCTS_DIR)/ColorApp Watch App.app/$(BUNDLE_EXECUTABLE_FOLDER_PATH)/ColorApp Watch App";
				WATCHOS_DEPLOYMENT_TARGET = 10.2;
			};
			name = Debug;
		};
		BA5817BF2B8AEF600061D66B /* Release */ = {
			isa = XCBuildConfiguration;
			buildSettings = {
				ALWAYS_EMBED_SWIFT_STANDARD_LIBRARIES = YES;
				BUNDLE_LOADER = "$(TEST_HOST)";
				CODE_SIGN_STYLE = Automatic;
				CURRENT_PROJECT_VERSION = 1;
				GENERATE_INFOPLIST_FILE = YES;
				MARKETING_VERSION = 1.0;
				PRODUCT_BUNDLE_IDENTIFIER = "oucar.ColorApp-Watch-AppTests";
				PRODUCT_NAME = "$(TARGET_NAME)";
				SDKROOT = watchos;
				SWIFT_EMIT_LOC_STRINGS = NO;
				SWIFT_VERSION = 5.0;
				TARGETED_DEVICE_FAMILY = 4;
				TEST_HOST = "$(BUILT_PRODUCTS_DIR)/ColorApp Watch App.app/$(BUNDLE_EXECUTABLE_FOLDER_PATH)/ColorApp Watch App";
				VALIDATE_PRODUCT = YES;
				WATCHOS_DEPLOYMENT_TARGET = 10.2;
			};
			name = Release;
		};
		BA5817C12B8AEF600061D66B /* Debug */ = {
			isa = XCBuildConfiguration;
			buildSettings = {
				ALWAYS_EMBED_SWIFT_STANDARD_LIBRARIES = YES;
				CODE_SIGN_STYLE = Automatic;
				CURRENT_PROJECT_VERSION = 1;
				GENERATE_INFOPLIST_FILE = YES;
				MARKETING_VERSION = 1.0;
				PRODUCT_BUNDLE_IDENTIFIER = "oucar.ColorApp-Watch-AppUITests";
				PRODUCT_NAME = "$(TARGET_NAME)";
				SDKROOT = watchos;
				SWIFT_EMIT_LOC_STRINGS = NO;
				SWIFT_VERSION = 5.0;
				TARGETED_DEVICE_FAMILY = 4;
				TEST_TARGET_NAME = "ColorApp Watch App";
				WATCHOS_DEPLOYMENT_TARGET = 10.2;
			};
			name = Debug;
		};
		BA5817C22B8AEF600061D66B /* Release */ = {
			isa = XCBuildConfiguration;
			buildSettings = {
				ALWAYS_EMBED_SWIFT_STANDARD_LIBRARIES = YES;
				CODE_SIGN_STYLE = Automatic;
				CURRENT_PROJECT_VERSION = 1;
				GENERATE_INFOPLIST_FILE = YES;
				MARKETING_VERSION = 1.0;
				PRODUCT_BUNDLE_IDENTIFIER = "oucar.ColorApp-Watch-AppUITests";
				PRODUCT_NAME = "$(TARGET_NAME)";
				SDKROOT = watchos;
				SWIFT_EMIT_LOC_STRINGS = NO;
				SWIFT_VERSION = 5.0;
				TARGETED_DEVICE_FAMILY = 4;
				TEST_TARGET_NAME = "ColorApp Watch App";
				VALIDATE_PRODUCT = YES;
				WATCHOS_DEPLOYMENT_TARGET = 10.2;
			};
			name = Release;
		};
/* End XCBuildConfiguration section */

/* Begin XCConfigurationList section */
		BA5817872B8AEF5E0061D66B /* Build configuration list for PBXProject "ColorApp" */ = {
			isa = XCConfigurationList;
			buildConfigurations = (
				BA5817B42B8AEF600061D66B /* Debug */,
				BA5817B52B8AEF600061D66B /* Release */,
			);
			defaultConfigurationIsVisible = 0;
			defaultConfigurationName = Release;
		};
		BA5817B62B8AEF600061D66B /* Build configuration list for PBXNativeTarget "ColorApp Watch App" */ = {
			isa = XCConfigurationList;
			buildConfigurations = (
				BA5817B72B8AEF600061D66B /* Debug */,
				BA5817B82B8AEF600061D66B /* Release */,
			);
			defaultConfigurationIsVisible = 0;
			defaultConfigurationName = Release;
		};
		BA5817BA2B8AEF600061D66B /* Build configuration list for PBXNativeTarget "ColorApp" */ = {
			isa = XCConfigurationList;
			buildConfigurations = (
				BA5817BB2B8AEF600061D66B /* Debug */,
				BA5817BC2B8AEF600061D66B /* Release */,
			);
			defaultConfigurationIsVisible = 0;
			defaultConfigurationName = Release;
		};
		BA5817BD2B8AEF600061D66B /* Build configuration list for PBXNativeTarget "ColorApp Watch AppTests" */ = {
			isa = XCConfigurationList;
			buildConfigurations = (
				BA5817BE2B8AEF600061D66B /* Debug */,
				BA5817BF2B8AEF600061D66B /* Release */,
			);
			defaultConfigurationIsVisible = 0;
			defaultConfigurationName = Release;
		};
		BA5817C02B8AEF600061D66B /* Build configuration list for PBXNativeTarget "ColorApp Watch AppUITests" */ = {
			isa = XCConfigurationList;
			buildConfigurations = (
				BA5817C12B8AEF600061D66B /* Debug */,
				BA5817C22B8AEF600061D66B /* Release */,
			);
			defaultConfigurationIsVisible = 0;
			defaultConfigurationName = Release;
		};
/* End XCConfigurationList section */
	};
	rootObject = BA5817842B8AEF5E0061D66B /* Project object */;
}
